
Microsoft Visual Studio Solution File, Format Version 12.00
# Visual Studio Version 16
VisualStudioVersion = 16.0.29728.190
MinimumVisualStudioVersion = 10.0.40219.1
Project("{9A19103F-16F7-4668-BE54-9A1E7A4F7556}") = "Sos", "Morpion\Sos.csproj", "{52B7E40B-32C0-475A-BC5C-9ACE85DD63B5}"
EndProject
Project("{9A19103F-16F7-4668-BE54-9A1E7A4F7556}") = "TestSos", "TestMorpion\TestSos.csproj", "{058C1872-7306-4138-8708-BDC93DE0333E}"
EndProject
Project("{9A19103F-16F7-4668-BE54-9A1E7A4F7556}") = "SosAPI", "MorpionAPI\SosAPI.csproj", "{CA2665C2-9432-4575-99A5-DF75D23B4875}"
EndProject
Project("{9A19103F-16F7-4668-BE54-9A1E7A4F7556}") = "SosClient", "MorpionClient\SosClient.csproj", "{3D4CE154-F3D2-472D-A3C1-716BB518AEB0}"
EndProject
Global
	GlobalSection(SolutionConfigurationPlatforms) = preSolution
		Debug|Any CPU = Debug|Any CPU
		Release|Any CPU = Release|Any CPU
	EndGlobalSection
	GlobalSection(ProjectConfigurationPlatforms) = postSolution
		{52B7E40B-32C0-475A-BC5C-9ACE85DD63B5}.Debug|Any CPU.ActiveCfg = Debug|Any CPU
		{52B7E40B-32C0-475A-BC5C-9ACE85DD63B5}.Debug|Any CPU.Build.0 = Debug|Any CPU
		{52B7E40B-32C0-475A-BC5C-9ACE85DD63B5}.Release|Any CPU.ActiveCfg = Release|Any CPU
		{52B7E40B-32C0-475A-BC5C-9ACE85DD63B5}.Release|Any CPU.Build.0 = Release|Any CPU
		{058C1872-7306-4138-8708-BDC93DE0333E}.Debug|Any CPU.ActiveCfg = Debug|Any CPU
		{058C1872-7306-4138-8708-BDC93DE0333E}.Debug|Any CPU.Build.0 = Debug|Any CPU
		{058C1872-7306-4138-8708-BDC93DE0333E}.Release|Any CPU.ActiveCfg = Release|Any CPU
		{058C1872-7306-4138-8708-BDC93DE0333E}.Release|Any CPU.Build.0 = Release|Any CPU
		{CA2665C2-9432-4575-99A5-DF75D23B4875}.Debug|Any CPU.ActiveCfg = Debug|Any CPU
		{CA2665C2-9432-4575-99A5-DF75D23B4875}.Debug|Any CPU.Build.0 = Debug|Any CPU
		{CA2665C2-9432-4575-99A5-DF75D23B4875}.Release|Any CPU.ActiveCfg = Release|Any CPU
		{CA2665C2-9432-4575-99A5-DF75D23B4875}.Release|Any CPU.Build.0 = Release|Any CPU
		{3D4CE154-F3D2-472D-A3C1-716BB518AEB0}.Debug|Any CPU.ActiveCfg = Debug|Any CPU
		{3D4CE154-F3D2-472D-A3C1-716BB518AEB0}.Debug|Any CPU.Build.0 = Debug|Any CPU
		{3D4CE154-F3D2-472D-A3C1-716BB518AEB0}.Release|Any CPU.ActiveCfg = Release|Any CPU
		{3D4CE154-F3D2-472D-A3C1-716BB518AEB0}.Release|Any CPU.Build.0 = Release|Any CPU
	EndGlobalSection
	GlobalSection(SolutionProperties) = preSolution
		HideSolutionNode = FALSE
	EndGlobalSection
	GlobalSection(ExtensibilityGlobals) = postSolution
		SolutionGuid = {CE9CC600-7634-4631-B176-C1F0E53BCFDA}
	EndGlobalSection
EndGlobal
